
Microsoft Visual Studio Solution File, Format Version 12.00
# Visual Studio Version 17
VisualStudioVersion = 17.13.35825.156 d17.13
MinimumVisualStudioVersion = 10.0.40219.1
Project("{FAE04EC0-301F-11D3-BF4B-00C04F79EFBC}") = "ConsoleUI", "ConsoleUI\ConsoleUI.csproj", "{227344E7-1FBF-4E31-B270-1B463CB0EA54}"
EndProject
Global
	GlobalSection(SolutionConfigurationPlatforms) = preSolution
		Debug|Any CPU = Debug|Any CPU
		Release|Any CPU = Release|Any CPU
	EndGlobalSection
	GlobalSection(ProjectConfigurationPlatforms) = postSolution
		{227344E7-1FBF-4E31-B270-1B463CB0EA54}.Debug|Any CPU.ActiveCfg = Debug|Any CPU
		{227344E7-1FBF-4E31-B270-1B463CB0EA54}.Debug|Any CPU.Build.0 = Debug|Any CPU
		{227344E7-1FBF-4E31-B270-1B463CB0EA54}.Release|Any CPU.ActiveCfg = Release|Any CPU
		{227344E7-1FBF-4E31-B270-1B463CB0EA54}.Release|Any CPU.Build.0 = Release|Any CPU
	EndGlobalSection
	GlobalSection(SolutionProperties) = preSolution
		HideSolutionNode = FALSE
	EndGlobalSection
	GlobalSection(ExtensibilityGlobals) = postSolution
		SolutionGuid = {4A2E0352-63B9-454C-87DF-6E2BF33950A9}
	EndGlobalSection
EndGlobal
